
Microsoft Visual Studio Solution File, Format Version 12.00
# Visual Studio Version 17
VisualStudioVersion = 17.5.002.0
MinimumVisualStudioVersion = 10.0.40219.1
Project("{9A19103F-16F7-4668-BE54-9A1E7A4F7556}") = "CommandService", "CommandService.csproj", "{5E8948B7-0175-4233-924F-07CB2384B4E8}"
EndProject
Global
	GlobalSection(SolutionConfigurationPlatforms) = preSolution
		Debug|Any CPU = Debug|Any CPU
		Release|Any CPU = Release|Any CPU
	EndGlobalSection
	GlobalSection(ProjectConfigurationPlatforms) = postSolution
		{5E8948B7-0175-4233-924F-07CB2384B4E8}.Debug|Any CPU.ActiveCfg = Debug|Any CPU
		{5E8948B7-0175-4233-924F-07CB2384B4E8}.Debug|Any CPU.Build.0 = Debug|Any CPU
		{5E8948B7-0175-4233-924F-07CB2384B4E8}.Release|Any CPU.ActiveCfg = Release|Any CPU
		{5E8948B7-0175-4233-924F-07CB2384B4E8}.Release|Any CPU.Build.0 = Release|Any CPU
	EndGlobalSection
	GlobalSection(SolutionProperties) = preSolution
		HideSolutionNode = FALSE
	EndGlobalSection
	GlobalSection(ExtensibilityGlobals) = postSolution
		SolutionGuid = {5DC8E098-F17D-44DF-AD92-BE98A376007B}
	EndGlobalSection
EndGlobal
